
Microsoft Visual Studio Solution File, Format Version 12.00
# Visual Studio Version 16
VisualStudioVersion = 16.0.31129.286
MinimumVisualStudioVersion = 10.0.40219.1
Project("{FAE04EC0-301F-11D3-BF4B-00C04F79EFBC}") = "VaccineRecorder", "VaccineRecorder\VaccineRecorder.csproj", "{80603874-6813-4D80-A617-E847D9588D1D}"
EndProject
Global
	GlobalSection(SolutionConfigurationPlatforms) = preSolution
		Debug|Any CPU = Debug|Any CPU
		Release|Any CPU = Release|Any CPU
	EndGlobalSection
	GlobalSection(ProjectConfigurationPlatforms) = postSolution
		{80603874-6813-4D80-A617-E847D9588D1D}.Debug|Any CPU.ActiveCfg = Debug|Any CPU
		{80603874-6813-4D80-A617-E847D9588D1D}.Debug|Any CPU.Build.0 = Debug|Any CPU
		{80603874-6813-4D80-A617-E847D9588D1D}.Release|Any CPU.ActiveCfg = Release|Any CPU
		{80603874-6813-4D80-A617-E847D9588D1D}.Release|Any CPU.Build.0 = Release|Any CPU
	EndGlobalSection
	GlobalSection(SolutionProperties) = preSolution
		HideSolutionNode = FALSE
	EndGlobalSection
	GlobalSection(ExtensibilityGlobals) = postSolution
		SolutionGuid = {1D69129A-F7D4-448C-A0CA-DEAAA23C3836}
	EndGlobalSection
EndGlobal
